# Fertige Engine-Binärteile, beim Gradle-Build geladen und per SHA-256 geprüft
# (nicht im Repo). Format: <art> <sha256> <url> [ziel]
#   aar-jni     – jni/<abi>/*.so aus dem AAR nach jniLibs/<abi>/
#   aar-assets  – assets/components/<ziel>/<abi>/*.so nach assets/trs-engine/<ziel>/<abi>/
#   file        – Datei unverändert nach assets/trs-engine/<ziel>
# Herkunft, Lizenzen und Quellen: vendor/amethyst/UPSTREAM.md
# Amethyst-Android @ 330c6eae3164df64bdc4828e946a9e62cc5169e4 (2026-09-26), gl4es @ 474cbae7…

# Renderer
aar-jni 08e901726be96558c3193ec61aad1d0543c7fb237fcbe5a553e4ac8e07f17612 https://raw.githubusercontent.com/AngelAuraMC/Amethyst-Android/330c6eae3164df64bdc4828e946a9e62cc5169e4/app_pojavlauncher/libs/MobileGlues-release.aar
aar-jni 810b4f7205510832ce456b265b6e96aacfc6831eaef6fb4c226cedab640174f8 https://raw.githubusercontent.com/AngelAuraMC/Amethyst-Android/474cbae769828d77551d4ecf73b79025b5157259/app_pojavlauncher/libs/krypton_wrapper-release.aar
# Ton
aar-jni 45e630695b6b4c6506704330bf4da80a605b445ea5d187d7b71a370aab5494ea https://raw.githubusercontent.com/AngelAuraMC/Amethyst-Android/330c6eae3164df64bdc4828e946a9e62cc5169e4/app_pojavlauncher/libs/openal-soft-release.aar
# LWJGL-Natives (Android-Builds des PojavLauncherTeam/lwjgl3-Forks)
aar-assets 3ec756806be63e5446964464777146d7c87660d3d4e238d5b74c76d68d6070d7 https://raw.githubusercontent.com/AngelAuraMC/Amethyst-Android/330c6eae3164df64bdc4828e946a9e62cc5169e4/app_pojavlauncher/libs/lwjgl-3.3.3-natives-release.aar lwjgl-3.3.3-natives
aar-assets ccb9c7abe942cd40a0490637ca70756a259a40ec1257a515d3343c2f536503c0 https://raw.githubusercontent.com/AngelAuraMC/Amethyst-Android/330c6eae3164df64bdc4828e946a9e62cc5169e4/app_pojavlauncher/libs/lwjgl-3.4.1-natives-release.aar lwjgl-3.4.1-natives
# LWJGL-Jars 3.3.3 (lwjgl-3.3.3-merged-modules.jar = GLFW-Stub aus vendor/amethyst/jre_lwjgl3glfw)
file 766ad2a0783f2687962c8ad74ceecc38a28b9f72a2d085ee438b7813e928d0c7 https://raw.githubusercontent.com/AngelAuraMC/Amethyst-Android/330c6eae3164df64bdc4828e946a9e62cc5169e4/app_pojavlauncher/src/main/assets/components/lwjgl3/3.3.3/jsr305.jar lwjgl3/3.3.3/jsr305.jar
file 0a97734791d9ccff1ac86db466f6aeabcf98189f9f17408b376163b63fb478ba https://raw.githubusercontent.com/AngelAuraMC/Amethyst-Android/330c6eae3164df64bdc4828e946a9e62cc5169e4/app_pojavlauncher/src/main/assets/components/lwjgl3/3.3.3/lwjgl-3.3.3-merged-modules.jar lwjgl3/3.3.3/lwjgl-3.3.3-merged-modules.jar
file a9c05ef1df10e6a5b539a64bff5532fcf1d95c699e62978ae645ccc674de6864 https://raw.githubusercontent.com/AngelAuraMC/Amethyst-Android/330c6eae3164df64bdc4828e946a9e62cc5169e4/app_pojavlauncher/src/main/assets/components/lwjgl3/3.3.3/lwjgl-freetype.jar lwjgl3/3.3.3/lwjgl-freetype.jar
file 994df565b4439c75a984b95dd4bd30486448914419e3dbd2de37c9be76431b98 https://raw.githubusercontent.com/AngelAuraMC/Amethyst-Android/330c6eae3164df64bdc4828e946a9e62cc5169e4/app_pojavlauncher/src/main/assets/components/lwjgl3/3.3.3/lwjgl-lwjglx.jar lwjgl3/3.3.3/lwjgl-lwjglx.jar
file d5e5e67b16a0f15b77c11a0e485085aa99c2897020b9098cbe5dc097fa71c228 https://raw.githubusercontent.com/AngelAuraMC/Amethyst-Android/330c6eae3164df64bdc4828e946a9e62cc5169e4/app_pojavlauncher/src/main/assets/components/lwjgl3/3.3.3/lwjgl-nanovg.jar lwjgl3/3.3.3/lwjgl-nanovg.jar
file 59dc4101e511eaacba1a38697b40925c7087d397fbe8d05f46b17e9eaee69e51 https://raw.githubusercontent.com/AngelAuraMC/Amethyst-Android/330c6eae3164df64bdc4828e946a9e62cc5169e4/app_pojavlauncher/src/main/assets/components/lwjgl3/3.3.3/lwjgl-openal.jar lwjgl3/3.3.3/lwjgl-openal.jar
file 47877bed40a97ea27e34d7a2ed90484b70ae717b7825c76332cc23975cb830ba https://raw.githubusercontent.com/AngelAuraMC/Amethyst-Android/330c6eae3164df64bdc4828e946a9e62cc5169e4/app_pojavlauncher/src/main/assets/components/lwjgl3/3.3.3/lwjgl-shaderc.jar lwjgl3/3.3.3/lwjgl-shaderc.jar
file 6e276cdbd8d72ea930095a7a618a98476818fd4ce9aa62d4efd27f861ff6e188 https://raw.githubusercontent.com/AngelAuraMC/Amethyst-Android/330c6eae3164df64bdc4828e946a9e62cc5169e4/app_pojavlauncher/src/main/assets/components/lwjgl3/3.3.3/lwjgl-spvc.jar lwjgl3/3.3.3/lwjgl-spvc.jar
file 7a8145cadeee92d682515c8a37d561ed594026fa9d83a6b033eeaec4a587a010 https://raw.githubusercontent.com/AngelAuraMC/Amethyst-Android/330c6eae3164df64bdc4828e946a9e62cc5169e4/app_pojavlauncher/src/main/assets/components/lwjgl3/3.3.3/lwjgl-stb.jar lwjgl3/3.3.3/lwjgl-stb.jar
file b1a62102ad86361fb3f68738cf13ef37d481a2e3b39bd04ce24de910dec7b79b https://raw.githubusercontent.com/AngelAuraMC/Amethyst-Android/330c6eae3164df64bdc4828e946a9e62cc5169e4/app_pojavlauncher/src/main/assets/components/lwjgl3/3.3.3/lwjgl-tinyfd.jar lwjgl3/3.3.3/lwjgl-tinyfd.jar
file 4ccf9c0634e69a32a5cc2e7398adc8d9e1cc5f4b24abd08c6e371541ae9e17a7 https://raw.githubusercontent.com/AngelAuraMC/Amethyst-Android/330c6eae3164df64bdc4828e946a9e62cc5169e4/app_pojavlauncher/src/main/assets/components/lwjgl3/3.3.3/lwjgl-vma.jar lwjgl3/3.3.3/lwjgl-vma.jar
file f6dacf65dd28924f7057177a66b6690ec12367ad21d6f965e3eaa564ba2802f5 https://raw.githubusercontent.com/AngelAuraMC/Amethyst-Android/330c6eae3164df64bdc4828e946a9e62cc5169e4/app_pojavlauncher/src/main/assets/components/lwjgl3/3.3.3/lwjgl-vulkan.jar lwjgl3/3.3.3/lwjgl-vulkan.jar
file c26bc7db30a3414d907530eb3128c582612c10674328408e560feb5444ceefd1 https://raw.githubusercontent.com/AngelAuraMC/Amethyst-Android/330c6eae3164df64bdc4828e946a9e62cc5169e4/app_pojavlauncher/src/main/assets/components/lwjgl3/3.3.3/lwjgl.jar lwjgl3/3.3.3/lwjgl.jar
# LWJGL-Jars 3.4.1
file 08584aeadb90fec11e0a2d96077dfafb609cd7b735327fe1153e0575add464c9 https://raw.githubusercontent.com/AngelAuraMC/Amethyst-Android/330c6eae3164df64bdc4828e946a9e62cc5169e4/app_pojavlauncher/src/main/assets/components/lwjgl3/3.4.1/lwjgl-3.4.1-merged-modules.jar lwjgl3/3.4.1/lwjgl-3.4.1-merged-modules.jar
file a1993bc7d6f9f72715a4b457715911bd9268d04869d494f20c19884e7c8dbe05 https://raw.githubusercontent.com/AngelAuraMC/Amethyst-Android/330c6eae3164df64bdc4828e946a9e62cc5169e4/app_pojavlauncher/src/main/assets/components/lwjgl3/3.4.1/lwjgl-freetype.jar lwjgl3/3.4.1/lwjgl-freetype.jar
file b370f5a09b10403604cfdaa948ff67e85ecf5de3b1f29a1ba3bd78a5d59ab893 https://raw.githubusercontent.com/AngelAuraMC/Amethyst-Android/330c6eae3164df64bdc4828e946a9e62cc5169e4/app_pojavlauncher/src/main/assets/components/lwjgl3/3.4.1/lwjgl-lwjglx.jar lwjgl3/3.4.1/lwjgl-lwjglx.jar
file 28dede1a39356bbd731d0a18110cadb9041e32dd7adc633bcbde944bb8201ff5 https://raw.githubusercontent.com/AngelAuraMC/Amethyst-Android/330c6eae3164df64bdc4828e946a9e62cc5169e4/app_pojavlauncher/src/main/assets/components/lwjgl3/3.4.1/lwjgl-nanovg.jar lwjgl3/3.4.1/lwjgl-nanovg.jar
file 10467797e14b478eb06dd51259eeceafec4a317fdaff0d713a848abe28fd0c78 https://raw.githubusercontent.com/AngelAuraMC/Amethyst-Android/330c6eae3164df64bdc4828e946a9e62cc5169e4/app_pojavlauncher/src/main/assets/components/lwjgl3/3.4.1/lwjgl-openal.jar lwjgl3/3.4.1/lwjgl-openal.jar
file d486460962e3af2c3e0d4b6007983252485a5a16271e868338a1f9f0aaf11d9e https://raw.githubusercontent.com/AngelAuraMC/Amethyst-Android/330c6eae3164df64bdc4828e946a9e62cc5169e4/app_pojavlauncher/src/main/assets/components/lwjgl3/3.4.1/lwjgl-sdl.jar lwjgl3/3.4.1/lwjgl-sdl.jar
file 5dc22d389927e58eed04704d200cc091a9b5fb211daa31e8be1d07d880ffb7f8 https://raw.githubusercontent.com/AngelAuraMC/Amethyst-Android/330c6eae3164df64bdc4828e946a9e62cc5169e4/app_pojavlauncher/src/main/assets/components/lwjgl3/3.4.1/lwjgl-shaderc.jar lwjgl3/3.4.1/lwjgl-shaderc.jar
file 6b9f99dde99376efc045d47b2c39afe2a7155375e29e3785da38d1c9879b4ac8 https://raw.githubusercontent.com/AngelAuraMC/Amethyst-Android/330c6eae3164df64bdc4828e946a9e62cc5169e4/app_pojavlauncher/src/main/assets/components/lwjgl3/3.4.1/lwjgl-spng.jar lwjgl3/3.4.1/lwjgl-spng.jar
file d5a00514d1d20ffbe1eaf120b3a2c6c6d8115ea23c2d757e6fa25b684242bcbd https://raw.githubusercontent.com/AngelAuraMC/Amethyst-Android/330c6eae3164df64bdc4828e946a9e62cc5169e4/app_pojavlauncher/src/main/assets/components/lwjgl3/3.4.1/lwjgl-spvc.jar lwjgl3/3.4.1/lwjgl-spvc.jar
file e2656fcb59554ec518a8ecf5d5b0cbb544a69a2eab58b427ee52c006e35a737b https://raw.githubusercontent.com/AngelAuraMC/Amethyst-Android/330c6eae3164df64bdc4828e946a9e62cc5169e4/app_pojavlauncher/src/main/assets/components/lwjgl3/3.4.1/lwjgl-stb.jar lwjgl3/3.4.1/lwjgl-stb.jar
file fa4a421127c062ac51789f0f69be57fa68958d17309bde9a370e2862a1efc6dc https://raw.githubusercontent.com/AngelAuraMC/Amethyst-Android/330c6eae3164df64bdc4828e946a9e62cc5169e4/app_pojavlauncher/src/main/assets/components/lwjgl3/3.4.1/lwjgl-tinyfd.jar lwjgl3/3.4.1/lwjgl-tinyfd.jar
file e4b550cf500996fa48abd54d36226e5b5f4ceb157ee284681b5a00d202fd9e4f https://raw.githubusercontent.com/AngelAuraMC/Amethyst-Android/330c6eae3164df64bdc4828e946a9e62cc5169e4/app_pojavlauncher/src/main/assets/components/lwjgl3/3.4.1/lwjgl-vma.jar lwjgl3/3.4.1/lwjgl-vma.jar
file 997c1d80d0e5f0698c66f3644c901ac95923b3bfeb539f2ff53d6b47cb237776 https://raw.githubusercontent.com/AngelAuraMC/Amethyst-Android/330c6eae3164df64bdc4828e946a9e62cc5169e4/app_pojavlauncher/src/main/assets/components/lwjgl3/3.4.1/lwjgl-vulkan.jar lwjgl3/3.4.1/lwjgl-vulkan.jar
file a436d01be183cd77887c2eb8ed3ebf6a031dc6a70fc7d68ec1662f50e3ea54f6 https://raw.githubusercontent.com/AngelAuraMC/Amethyst-Android/330c6eae3164df64bdc4828e946a9e62cc5169e4/app_pojavlauncher/src/main/assets/components/lwjgl3/3.4.1/lwjgl.jar lwjgl3/3.4.1/lwjgl.jar
